
Microsoft Visual Studio Solution File, Format Version 12.00
# Visual Studio Version 17
VisualStudioVersion = 17.11.35327.3
MinimumVisualStudioVersion = 10.0.40219.1
Project("{FAE04EC0-301F-11D3-BF4B-00C04F79EFBC}") = "Abstract,Interface,Partial", "Abstract,Interface,Partial.csproj", "{C0AEE17A-A509-4750-AF8B-E72FDBE3FF19}"
EndProject
Global
	GlobalSection(SolutionConfigurationPlatforms) = preSolution
		Debug|Any CPU = Debug|Any CPU
		Release|Any CPU = Release|Any CPU
	EndGlobalSection
	GlobalSection(ProjectConfigurationPlatforms) = postSolution
		{C0AEE17A-A509-4750-AF8B-E72FDBE3FF19}.Debug|Any CPU.ActiveCfg = Debug|Any CPU
		{C0AEE17A-A509-4750-AF8B-E72FDBE3FF19}.Debug|Any CPU.Build.0 = Debug|Any CPU
		{C0AEE17A-A509-4750-AF8B-E72FDBE3FF19}.Release|Any CPU.ActiveCfg = Release|Any CPU
		{C0AEE17A-A509-4750-AF8B-E72FDBE3FF19}.Release|Any CPU.Build.0 = Release|Any CPU
	EndGlobalSection
	GlobalSection(SolutionProperties) = preSolution
		HideSolutionNode = FALSE
	EndGlobalSection
	GlobalSection(ExtensibilityGlobals) = postSolution
		SolutionGuid = {11E4C1F7-E8DC-4C34-82BC-2FC00C0DBC5F}
	EndGlobalSection
EndGlobal
